PODS:
  - SQRouter (0.1.1):
    - SQRouter/Contacts (= 0.1.1)
  - SQRouter/Contacts (0.1.1)

DEPENDENCIES:
  - SQRouter (from `../`)

EXTERNAL SOURCES:
  SQRouter:
    :path: "../"

SPEC CHECKSUMS:
  SQRouter: 7f116b5b6cafdcf53d4c3510a41d882667a1b279

PODFILE CHECKSUM: 1b17165ff392da4e63f4107c34e3faeb92a15984

COCOAPODS: 1.10.1
